{
  "nodes": {
    "base16": {
      "inputs": {
        "nixpkgs": [
          "nixpkgs"
        ]
      },
      "locked": {
        "lastModified": 1658847131,
        "narHash": "sha256-X6Mml7cT0YR3WCD5fkUhpRVV5ZPcwdcDsND8r8xMqTE=",
        "owner": "SenchoPens",
        "repo": "base16.nix",
        "rev": "6b404cda2e04ca3cf5ca7b877af9c469e1386acb",
        "type": "github"
      },
      "original": {
        "owner": "SenchoPens",
        "repo": "base16.nix",
        "type": "github"
      }
    },
    "base16-schemes": {
      "flake": false,
      "locked": {
        "lastModified": 1680729003,
        "narHash": "sha256-M9LHTL24/W4oqgbYRkz0B2qpNrkefTs98pfj3MxIXnU=",
        "owner": "base16-project",
        "repo": "base16-schemes",
        "rev": "dc048afa066287a719ddbab62b3e19e4b5110cf0",
        "type": "github"
      },
      "original": {
        "owner": "base16-project",
        "repo": "base16-schemes",
        "type": "github"
      }
    },
    "base16-shell": {
      "flake": false,
      "locked": {
        "lastModified": 1679793777,
        "narHash": "sha256-X6Pcu/LM9PSaUwLxHoklXNkSEz+X1+cIt8lmu6tViMk=",
        "owner": "base16-project",
        "repo": "base16-shell",
        "rev": "d0737249d4c8bb26dc047ea9fba0054ae7024c04",
        "type": "github"
      },
      "original": {
        "owner": "base16-project",
        "repo": "base16-shell",
        "type": "github"
      }
    },
    "base16-tmux": {
      "flake": false,
      "locked": {
        "lastModified": 1679792070,
        "narHash": "sha256-JJ/eRqTayuEKrL9MBe943HpKy7yLyd2Dmes58KN1jdk=",
        "owner": "base16-project",
        "repo": "base16-tmux",
        "rev": "30fc84afc723e027d4497a284fcae3cb75097441",
        "type": "github"
      },
      "original": {
        "owner": "base16-project",
        "repo": "base16-tmux",
        "type": "github"
      }
    },
    "base16-vim": {
      "flake": false,
      "locked": {
        "lastModified": 1679793421,
        "narHash": "sha256-dffuYqxdbgumb/ow8QgbbEbqTmcenLppih9qNh+wE5c=",
        "owner": "base16-project",
        "repo": "base16-vim",
        "rev": "79d4fb4575b6e9fab785c44557529240c0b7093a",
        "type": "github"
      },
      "original": {
        "owner": "base16-project",
        "repo": "base16-vim",
        "type": "github"
      }
    },
    "chemacs": {
      "flake": false,
      "locked": {
        "lastModified": 1674216959,
        "narHash": "sha256-/WtacZPr45lurS0hv+W8UGzsXY3RujkU5oGGGqjqG0Q=",
        "owner": "plexus",
        "repo": "chemacs2",
        "rev": "c2d700b784c793cc82131ef86323801b8d6e67bb",
        "type": "github"
      },
      "original": {
        "owner": "plexus",
        "repo": "chemacs2",
        "type": "github"
      }
    },
    "deploy-rs": {
      "inputs": {
        "flake-compat": "flake-compat",
        "nixpkgs": [
          "nixpkgs",
          "nixpkgs"
        ],
        "utils": "utils"
      },
      "locked": {
        "lastModified": 1669928674,
        "narHash": "sha256-sqlQjpUiMuZRJoXfErhFKlZXhU0bOlqvpeq+4ugXsk4=",
        "owner": "dguibert",
        "repo": "deploy-rs",
        "rev": "06b0679de55d2a8c14320dccfea53b1f12664f7c",
        "type": "github"
      },
      "original": {
        "owner": "dguibert",
        "ref": "pu",
        "repo": "deploy-rs",
        "type": "github"
      }
    },
    "disko": {
      "inputs": {
        "nixpkgs": [
          "nixpkgs"
        ]
      },
      "locked": {
        "lastModified": 1681173243,
        "narHash": "sha256-e9EEY1yff5z8MAnFAB2FfDGsuwer0MO3sWggRtguqfM=",
        "owner": "nix-community",
        "repo": "disko",
        "rev": "ef067be267fac26a377ad0cf9b72f6eff39a5acd",
        "type": "github"
      },
      "original": {
        "owner": "nix-community",
        "repo": "disko",
        "type": "github"
      }
    },
    "dwl-src": {
      "flake": false,
      "locked": {
        "lastModified": 1680697480,
        "narHash": "sha256-vaxCJB4ykNVwZNKau42Xu+D39A5mXgjfyKgOE2Frsa4=",
        "owner": "dguibert",
        "repo": "dwl",
        "rev": "844b04d23db2de161a058bec477ef7ff772ce298",
        "type": "github"
      },
      "original": {
        "owner": "dguibert",
        "ref": "pu",
        "repo": "dwl",
        "type": "github"
      }
    },
    "dwm-src": {
      "flake": false,
      "locked": {
        "lastModified": 1649608053,
        "narHash": "sha256-+v2wof46XG/n85zVY82GIuKgzr0K9s1apPfaDSyuqos=",
        "owner": "dguibert",
        "repo": "dwm",
        "rev": "306e1790145849abd30ef6c81051755a6813ff30",
        "type": "github"
      },
      "original": {
        "owner": "dguibert",
        "ref": "pu",
        "repo": "dwm",
        "type": "github"
      }
    },
    "emacs-overlay": {
      "inputs": {
        "flake-utils": "flake-utils",
        "nixpkgs": [
          "nixpkgs",
          "nixpkgs"
        ]
      },
      "locked": {
        "lastModified": 1671185799,
        "narHash": "sha256-E/2hbEnV+A8GYo8aUJI2R0hLvAkrfUzGMhAEfmth1EQ=",
        "owner": "dguibert",
        "repo": "emacs-overlay",
        "rev": "815f5a9bd21891286f4d8ea7c9f08afa2cd6ac4b",
        "type": "github"
      },
      "original": {
        "owner": "dguibert",
        "repo": "emacs-overlay",
        "type": "github"
      }
    },
    "emacs-overlay_2": {
      "inputs": {
        "flake-utils": "flake-utils_2",
        "nixpkgs": [
          "nixpkgs",
          "nixpkgs"
        ]
      },
      "locked": {
        "lastModified": 1682073345,
        "narHash": "sha256-YvDFqY65Vcvxce2i07bUHhPvZ7YGZ/cVWEtsgBGnkIg=",
        "owner": "nix-community",
        "repo": "emacs-overlay",
        "rev": "372c8287a251f2a4dc7a1929f6368ba78582c3a2",
        "type": "github"
      },
      "original": {
        "owner": "nix-community",
        "repo": "emacs-overlay",
        "type": "github"
      }
    },
    "emacs-src": {
      "flake": false,
      "locked": {
        "lastModified": 1681985184,
        "narHash": "sha256-zCko3nPKBWwe+Ud7u8xZSxG1HvsTvmFYrWBn48BXXFg=",
        "owner": "emacs-mirror",
        "repo": "emacs",
        "rev": "3899acbb3367984d66c7484a208b40a6851f4cc2",
        "type": "github"
      },
      "original": {
        "owner": "emacs-mirror",
        "ref": "emacs-29",
        "repo": "emacs",
        "type": "github"
      }
    },
    "flake-compat": {
      "flake": false,
      "locked": {
        "lastModified": 1648199409,
        "narHash": "sha256-JwPKdC2PoVBkG6E+eWw3j6BMR6sL3COpYWfif7RVb8Y=",
        "owner": "edolstra",
        "repo": "flake-compat",
        "rev": "64a525ee38886ab9028e6f61790de0832aa3ef03",
        "type": "github"
      },
      "original": {
        "owner": "edolstra",
        "repo": "flake-compat",
        "type": "github"
      }
    },
    "flake-compat_2": {
      "flake": false,
      "locked": {
        "lastModified": 1673956053,
        "narHash": "sha256-4gtG9iQuiKITOjNQQeQIpoIB6b16fm+504Ch3sNKLd8=",
        "owner": "edolstra",
        "repo": "flake-compat",
        "rev": "35bb57c0c8d8b62bbfd284272c928ceb64ddbde9",
        "type": "github"
      },
      "original": {
        "owner": "edolstra",
        "repo": "flake-compat",
        "type": "github"
      }
    },
    "flake-compat_3": {
      "flake": false,
      "locked": {
        "lastModified": 1673956053,
        "narHash": "sha256-4gtG9iQuiKITOjNQQeQIpoIB6b16fm+504Ch3sNKLd8=",
        "owner": "edolstra",
        "repo": "flake-compat",
        "rev": "35bb57c0c8d8b62bbfd284272c928ceb64ddbde9",
        "type": "github"
      },
      "original": {
        "owner": "edolstra",
        "repo": "flake-compat",
        "type": "github"
      }
    },
    "flake-parts": {
      "inputs": {
        "nixpkgs-lib": "nixpkgs-lib"
      },
      "locked": {
        "lastModified": 1680392223,
        "narHash": "sha256-n3g7QFr85lDODKt250rkZj2IFS3i4/8HBU2yKHO3tqw=",
        "owner": "hercules-ci",
        "repo": "flake-parts",
        "rev": "dcc36e45d054d7bb554c9cdab69093debd91a0b5",
        "type": "github"
      },
      "original": {
        "id": "flake-parts",
        "type": "indirect"
      }
    },
    "flake-parts_2": {
      "inputs": {
        "nixpkgs-lib": "nixpkgs-lib_2"
      },
      "locked": {
        "lastModified": 1680392223,
        "narHash": "sha256-n3g7QFr85lDODKt250rkZj2IFS3i4/8HBU2yKHO3tqw=",
        "path": "/nix/store/ki495pvzwdk49sa5lg2xa36wwad1qp4m-source",
        "rev": "dcc36e45d054d7bb554c9cdab69093debd91a0b5",
        "type": "path"
      },
      "original": {
        "id": "flake-parts",
        "type": "indirect"
      }
    },
    "flake-utils": {
      "inputs": {
        "systems": "systems"
      },
      "locked": {
        "lastModified": 1681202837,
        "narHash": "sha256-H+Rh19JDwRtpVPAWp64F+rlEtxUWBAQW28eAi3SRSzg=",
        "owner": "numtide",
        "repo": "flake-utils",
        "rev": "cfacdce06f30d2b68473a46042957675eebb3401",
        "type": "github"
      },
      "original": {
        "owner": "numtide",
        "repo": "flake-utils",
        "type": "github"
      }
    },
    "flake-utils_2": {
      "locked": {
        "lastModified": 1667395993,
        "narHash": "sha256-nuEHfE/LcWyuSWnS8t12N1wc105Qtau+/OdUAjtQ0rA=",
        "owner": "numtide",
        "repo": "flake-utils",
        "rev": "5aed5285a952e0b949eb3ba02c12fa4fcfef535f",
        "type": "github"
      },
      "original": {
        "owner": "numtide",
        "repo": "flake-utils",
        "type": "github"
      }
    },
    "flake-utils_3": {
      "inputs": {
        "systems": "systems_2"
      },
      "locked": {
        "lastModified": 1681202837,
        "narHash": "sha256-H+Rh19JDwRtpVPAWp64F+rlEtxUWBAQW28eAi3SRSzg=",
        "owner": "numtide",
        "repo": "flake-utils",
        "rev": "cfacdce06f30d2b68473a46042957675eebb3401",
        "type": "github"
      },
      "original": {
        "owner": "numtide",
        "repo": "flake-utils",
        "type": "github"
      }
    },
    "gitignore": {
      "flake": false,
      "locked": {
        "lastModified": 1660459072,
        "narHash": "sha256-8DFJjXG8zqoONA1vXtgeKXy68KdJL5UaXR8NtVMUbx8=",
        "owner": "hercules-ci",
        "repo": "gitignore",
        "rev": "a20de23b925fd8264fd7fad6454652e142fd7f73",
        "type": "github"
      },
      "original": {
        "owner": "hercules-ci",
        "repo": "gitignore",
        "type": "github"
      }
    },
    "gitignore_2": {
      "inputs": {
        "nixpkgs": [
          "pre-commit-hooks",
          "nixpkgs"
        ]
      },
      "locked": {
        "lastModified": 1660459072,
        "narHash": "sha256-8DFJjXG8zqoONA1vXtgeKXy68KdJL5UaXR8NtVMUbx8=",
        "owner": "hercules-ci",
        "repo": "gitignore.nix",
        "rev": "a20de23b925fd8264fd7fad6454652e142fd7f73",
        "type": "github"
      },
      "original": {
        "owner": "hercules-ci",
        "repo": "gitignore.nix",
        "type": "github"
      }
    },
    "home-manager": {
      "inputs": {
        "nixpkgs": [
          "nixpkgs",
          "nixpkgs"
        ],
        "utils": "utils_2"
      },
      "locked": {
        "lastModified": 1680811323,
        "narHash": "sha256-2IMpmlHsRnGkCgNMnZcpbd2KDLoe9KETxjXxY0O4gRo=",
        "owner": "dguibert",
        "repo": "home-manager",
        "rev": "4b5e29cf510ff59bc6db50937519bf8ce3bccc33",
        "type": "github"
      },
      "original": {
        "owner": "dguibert",
        "ref": "pu",
        "repo": "home-manager",
        "type": "github"
      }
    },
    "hydra": {
      "inputs": {
        "newNixpkgs": "newNixpkgs",
        "nix": [
          "nix"
        ],
        "nixpkgs": [
          "nixpkgs",
          "nixpkgs"
        ]
      },
      "locked": {
        "lastModified": 1655052439,
        "narHash": "sha256-F9me0lxbzsTOP8hM74Yn8xOukZUq+qK5xyvvbEtTOaY=",
        "owner": "dguibert",
        "repo": "hydra",
        "rev": "dee1b2cd4226f8a0b30bc70686d4ae3c72a126d9",
        "type": "github"
      },
      "original": {
        "owner": "dguibert",
        "ref": "pu",
        "repo": "hydra",
        "type": "github"
      }
    },
    "hyprland": {
      "inputs": {
        "hyprland-protocols": "hyprland-protocols",
        "nixpkgs": [
          "nixpkgs"
        ],
        "wlroots": "wlroots",
        "xdph": "xdph"
      },
      "locked": {
        "lastModified": 1681162925,
        "narHash": "sha256-UbJLCD5/SxKQ9WQeX/LYltKKaFsx1TDRTsSguZCNUGI=",
        "owner": "hyprwm",
        "repo": "Hyprland",
        "rev": "16a034a34a8e97aaeed6e3f46d04c87497313c20",
        "type": "github"
      },
      "original": {
        "owner": "hyprwm",
        "repo": "Hyprland",
        "type": "github"
      }
    },
    "hyprland-protocols": {
      "inputs": {
        "nixpkgs": [
          "hyprland",
          "nixpkgs"
        ]
      },
      "locked": {
        "lastModified": 1681065697,
        "narHash": "sha256-QPzwwlGKX95tl6ZEshboZbEwwAXww6lNLdVYd6T9Mrc=",
        "owner": "hyprwm",
        "repo": "hyprland-protocols",
        "rev": "4d29e48433270a2af06b8bc711ca1fe5109746cd",
        "type": "github"
      },
      "original": {
        "owner": "hyprwm",
        "repo": "hyprland-protocols",
        "type": "github"
      }
    },
    "lowdown-src": {
      "flake": false,
      "locked": {
        "lastModified": 1653759997,
        "narHash": "sha256-mvWCdd79cNh8VK9wfHsMMF2XFYaHd9DhdlwSa33uW+M=",
        "owner": "kristapsdz",
        "repo": "lowdown",
        "rev": "edca6ce6d5336efb147321a43c47a698de41bb7c",
        "type": "github"
      },
      "original": {
        "owner": "kristapsdz",
        "repo": "lowdown",
        "type": "github"
      }
    },
    "mako-src": {
      "flake": false,
      "locked": {
        "lastModified": 1678968340,
        "narHash": "sha256-X2dG6RWr5NS9pIF8VbB5f3rCTsVvLEPnwl5BBCN1/so=",
        "owner": "emersion",
        "repo": "mako",
        "rev": "2ff2504e1c616728166a9ba572f6e5468d1d5daa",
        "type": "github"
      },
      "original": {
        "owner": "emersion",
        "ref": "master",
        "repo": "mako",
        "type": "github"
      }
    },
    "newNixpkgs": {
      "locked": {
        "lastModified": 1647380550,
        "narHash": "sha256-909TI9poX7CIUiFx203WL29YON6m/I6k0ExbZvR7bLM=",
        "owner": "NixOS",
        "repo": "nixpkgs",
        "rev": "6e3ee8957637a60f5072e33d78e05c0f65c54366",
        "type": "github"
      },
      "original": {
        "owner": "NixOS",
        "ref": "nixos-unstable-small",
        "repo": "nixpkgs",
        "type": "github"
      }
    },
    "nix": {
      "inputs": {
        "flake-compat": "flake-compat_2",
        "lowdown-src": "lowdown-src",
        "nixpkgs": [
          "nixpkgs",
          "nixpkgs"
        ],
        "nixpkgs-regression": "nixpkgs-regression"
      },
      "locked": {
        "lastModified": 1681664409,
        "narHash": "sha256-xJDkd4xHLVK7Ehd+WxkBca7t/MGHTSSeUeq0LP9YuBI=",
        "owner": "dguibert",
        "repo": "nix",
        "rev": "ddf524a6dc4e9e8a6c4b76878415ccce3836059c",
        "type": "github"
      },
      "original": {
        "owner": "dguibert",
        "ref": "pu",
        "repo": "nix",
        "type": "github"
      }
    },
    "nixpkgs": {
      "inputs": {
        "dwl-src": "dwl-src",
        "dwm-src": "dwm-src",
        "emacs-overlay": "emacs-overlay_2",
        "emacs-src": "emacs-src",
        "flake-parts": "flake-parts_2",
        "flake-utils": "flake-utils_3",
        "mako-src": "mako-src",
        "nix": "nix",
        "nixpkgs": "nixpkgs_2",
        "st-src": "st-src"
      },
      "locked": {
        "lastModified": 1683058533,
        "narHash": "sha256-kPyq5h+eBo9i07FRhk7ZAeua+V/++MZf6iG//tCLL1w=",
        "ref": "refs/heads/host/spartan",
        "rev": "d656c5769f8a77df5d74fddfd7bd50531ec9c7d0",
        "revCount": 1106,
        "type": "git",
        "url": "file:///home_nfs/bguibertd/nur-packages"
      },
      "original": {
        "owner": "dguibert",
        "repo": "nur-packages",
        "type": "github"
      }
    },
    "nixpkgs-lib": {
      "locked": {
        "dir": "lib",
        "lastModified": 1680213900,
        "narHash": "sha256-cIDr5WZIj3EkKyCgj/6j3HBH4Jj1W296z7HTcWj1aMA=",
        "owner": "NixOS",
        "repo": "nixpkgs",
        "rev": "e3652e0735fbec227f342712f180f4f21f0594f2",
        "type": "github"
      },
      "original": {
        "dir": "lib",
        "owner": "NixOS",
        "ref": "nixos-unstable",
        "repo": "nixpkgs",
        "type": "github"
      }
    },
    "nixpkgs-lib_2": {
      "locked": {
        "dir": "lib",
        "lastModified": 1680213900,
        "narHash": "sha256-cIDr5WZIj3EkKyCgj/6j3HBH4Jj1W296z7HTcWj1aMA=",
        "owner": "NixOS",
        "repo": "nixpkgs",
        "rev": "e3652e0735fbec227f342712f180f4f21f0594f2",
        "type": "github"
      },
      "original": {
        "dir": "lib",
        "owner": "NixOS",
        "ref": "nixos-unstable",
        "repo": "nixpkgs",
        "type": "github"
      }
    },
    "nixpkgs-regression": {
      "locked": {
        "lastModified": 1643052045,
        "narHash": "sha256-uGJ0VXIhWKGXxkeNnq4TvV3CIOkUJ3PAoLZ3HMzNVMw=",
        "owner": "NixOS",
        "repo": "nixpkgs",
        "rev": "215d4d0fd80ca5163643b03a33fde804a29cc1e2",
        "type": "github"
      },
      "original": {
        "owner": "NixOS",
        "repo": "nixpkgs",
        "rev": "215d4d0fd80ca5163643b03a33fde804a29cc1e2",
        "type": "github"
      }
    },
    "nixpkgs-stable": {
      "locked": {
        "lastModified": 1678872516,
        "narHash": "sha256-/E1YwtMtFAu2KUQKV/1+KFuReYPANM2Rzehk84VxVoc=",
        "owner": "NixOS",
        "repo": "nixpkgs",
        "rev": "9b8e5abb18324c7fe9f07cb100c3cd4a29cda8b8",
        "type": "github"
      },
      "original": {
        "owner": "NixOS",
        "ref": "nixos-22.11",
        "repo": "nixpkgs",
        "type": "github"
      }
    },
    "nixpkgs-stable_2": {
      "locked": {
        "lastModified": 1681005198,
        "narHash": "sha256-5LrnBeXR7Hv8OXh6eany7br4qBW+ZNl4LKf1CJu9zbg=",
        "owner": "NixOS",
        "repo": "nixpkgs",
        "rev": "e45cc0138829ad86e7ff17a76acf2d05e781e30a",
        "type": "github"
      },
      "original": {
        "owner": "NixOS",
        "ref": "release-22.11",
        "repo": "nixpkgs",
        "type": "github"
      }
    },
    "nixpkgs_2": {
      "locked": {
        "lastModified": 1683057163,
        "narHash": "sha256-8xy4LR/aRtLt79tULczIpgCvTXEX5XWqz7sjBvD3y1A=",
        "owner": "dguibert",
        "repo": "nixpkgs",
        "rev": "62e04f32c0b34ab905ebbf23e771eeeecf8ee94a",
        "type": "github"
      },
      "original": {
        "owner": "dguibert",
        "ref": "pu",
        "repo": "nixpkgs",
        "type": "github"
      }
    },
    "nur": {
      "locked": {
        "lastModified": 1681202919,
        "narHash": "sha256-LKAF4NQV3mnQ0oTcfk9yrNqj3DgjN0UW+uxu464p1Rc=",
        "owner": "nix-community",
        "repo": "NUR",
        "rev": "a013ab00e087108ca06c9f380c01617c8aec2a71",
        "type": "github"
      },
      "original": {
        "owner": "nix-community",
        "repo": "NUR",
        "type": "github"
      }
    },
    "nxsession": {
      "inputs": {
        "flake-utils": [
          "flake-utils"
        ],
        "nixpkgs": [
          "nixpkgs",
          "nixpkgs"
        ]
      },
      "locked": {
        "lastModified": 1606742671,
        "narHash": "sha256-n4OeCfA6AgocFDj7nJagShihBuDYj7Ljx8C5meLEj1Q=",
        "owner": "dguibert",
        "repo": "nxsession",
        "rev": "f41152646473d78a3b47636806fb3de1218da327",
        "type": "github"
      },
      "original": {
        "owner": "dguibert",
        "repo": "nxsession",
        "type": "github"
      }
    },
    "pre-commit-hooks": {
      "inputs": {
        "flake-compat": "flake-compat_3",
        "flake-utils": [
          "flake-utils"
        ],
        "gitignore": "gitignore_2",
        "nixpkgs": [
          "nixpkgs",
          "nixpkgs"
        ],
        "nixpkgs-stable": "nixpkgs-stable"
      },
      "locked": {
        "lastModified": 1680981441,
        "narHash": "sha256-Tqr2mCVssUVp1ZXXMpgYs9+ZonaWrZGPGltJz94FYi4=",
        "owner": "cachix",
        "repo": "pre-commit-hooks.nix",
        "rev": "2144d9ddcb550d6dce64a2b44facdc8c5ea2e28a",
        "type": "github"
      },
      "original": {
        "owner": "cachix",
        "repo": "pre-commit-hooks.nix",
        "type": "github"
      }
    },
    "root": {
      "inputs": {
        "base16": "base16",
        "base16-schemes": "base16-schemes",
        "base16-shell": "base16-shell",
        "base16-tmux": "base16-tmux",
        "base16-vim": "base16-vim",
        "chemacs": "chemacs",
        "deploy-rs": "deploy-rs",
        "disko": "disko",
        "emacs-overlay": "emacs-overlay",
        "flake-parts": "flake-parts",
        "flake-utils": [
          "nixpkgs",
          "flake-utils"
        ],
        "gitignore": "gitignore",
        "home-manager": "home-manager",
        "hydra": "hydra",
        "hyprland": "hyprland",
        "nix": [
          "nixpkgs",
          "nix"
        ],
        "nixpkgs": "nixpkgs",
        "nur": "nur",
        "nxsession": "nxsession",
        "pre-commit-hooks": "pre-commit-hooks",
        "sops-nix": "sops-nix",
        "terranix": "terranix"
      }
    },
    "sops-nix": {
      "inputs": {
        "nixpkgs": [
          "nixpkgs",
          "nixpkgs"
        ],
        "nixpkgs-stable": "nixpkgs-stable_2"
      },
      "locked": {
        "lastModified": 1681008913,
        "narHash": "sha256-6C4BknF+cwCnl/A2fFdlAnc3LMV7f7XqOL09UhLZ9tA=",
        "owner": "Mic92",
        "repo": "sops-nix",
        "rev": "ddc6f124cb9be22d2ba066064c28bc19039a6bce",
        "type": "github"
      },
      "original": {
        "owner": "Mic92",
        "repo": "sops-nix",
        "type": "github"
      }
    },
    "st-src": {
      "flake": false,
      "locked": {
        "lastModified": 1619005886,
        "narHash": "sha256-PGD1oVKzaFARUJnn+IhgcDwqx8xuvnouLhUjaGwsMto=",
        "owner": "dguibert",
        "repo": "st",
        "rev": "d7faa1e059e1cdb7ba0d2383c1f0fc81d6d00e15",
        "type": "github"
      },
      "original": {
        "owner": "dguibert",
        "ref": "pu",
        "repo": "st",
        "type": "github"
      }
    },
    "systems": {
      "locked": {
        "lastModified": 1681028828,
        "narHash": "sha256-Vy1rq5AaRuLzOxct8nz4T6wlgyUR7zLU309k9mBC768=",
        "owner": "nix-systems",
        "repo": "default",
        "rev": "da67096a3b9bf56a91d16901293e51ba5b49a27e",
        "type": "github"
      },
      "original": {
        "owner": "nix-systems",
        "repo": "default",
        "type": "github"
      }
    },
    "systems_2": {
      "locked": {
        "lastModified": 1681028828,
        "narHash": "sha256-Vy1rq5AaRuLzOxct8nz4T6wlgyUR7zLU309k9mBC768=",
        "owner": "nix-systems",
        "repo": "default",
        "rev": "da67096a3b9bf56a91d16901293e51ba5b49a27e",
        "type": "github"
      },
      "original": {
        "owner": "nix-systems",
        "repo": "default",
        "type": "github"
      }
    },
    "terranix": {
      "flake": false,
      "locked": {
        "lastModified": 1676043131,
        "narHash": "sha256-xA3vUk86nFoDkYmW+bOgX/hTWWDdgumsJMlYE7iumgQ=",
        "owner": "mrVanDalo",
        "repo": "terranix",
        "rev": "ac98723a6c66fce3f91b0e8cbf8911430736f130",
        "type": "github"
      },
      "original": {
        "owner": "mrVanDalo",
        "repo": "terranix",
        "type": "github"
      }
    },
    "utils": {
      "locked": {
        "lastModified": 1648297722,
        "narHash": "sha256-W+qlPsiZd8F3XkzXOzAoR+mpFqzm3ekQkJNa+PIh1BQ=",
        "owner": "numtide",
        "repo": "flake-utils",
        "rev": "0f8662f1319ad6abf89b3380dd2722369fc51ade",
        "type": "github"
      },
      "original": {
        "owner": "numtide",
        "repo": "flake-utils",
        "type": "github"
      }
    },
    "utils_2": {
      "locked": {
        "lastModified": 1678901627,
        "narHash": "sha256-U02riOqrKKzwjsxc/400XnElV+UtPUQWpANPlyazjH0=",
        "owner": "numtide",
        "repo": "flake-utils",
        "rev": "93a2b84fc4b70d9e089d029deacc3583435c2ed6",
        "type": "github"
      },
      "original": {
        "owner": "numtide",
        "repo": "flake-utils",
        "type": "github"
      }
    },
    "wlroots": {
      "flake": false,
      "locked": {
        "host": "gitlab.freedesktop.org",
        "lastModified": 1680810405,
        "narHash": "sha256-LmI/4Yp/pOOoI4RxLRx9I90NBsiqdRLVOfbATKlgpkg=",
        "owner": "wlroots",
        "repo": "wlroots",
        "rev": "7abda952d0000b72d240fe1d41457b9288f0b6e5",
        "type": "gitlab"
      },
      "original": {
        "host": "gitlab.freedesktop.org",
        "owner": "wlroots",
        "repo": "wlroots",
        "type": "gitlab"
      }
    },
    "xdph": {
      "inputs": {
        "hyprland-protocols": [
          "hyprland",
          "hyprland-protocols"
        ],
        "nixpkgs": [
          "hyprland",
          "nixpkgs"
        ]
      },
      "locked": {
        "lastModified": 1681127512,
        "narHash": "sha256-vklOOhBj5W8fii6yN4L2WY5ZeifBmsq3+mJ2wC1Pk9U=",
        "owner": "hyprwm",
        "repo": "xdg-desktop-portal-hyprland",
        "rev": "04f579377a32781ce57c9cf4ba2a5bcb7f53fa97",
        "type": "github"
      },
      "original": {
        "owner": "hyprwm",
        "repo": "xdg-desktop-portal-hyprland",
        "type": "github"
      }
    }
  },
  "root": "root",
  "version": 7
}
