{
    "inputs": {
        "NUR": {
            "inputs": {},
            "narHash": "sha256-FZ9UAZS61XgmHbCtwQWRSXdnHFj6VP2kjUp3FYMTSaE=",
            "originalUrl": "github:nix-community/NUR",
            "url": "github:nix-community/NUR/6580a4b615719f2793881909cde943f019674712"
        },
        "base16-nix": {
            "inputs": {},
            "narHash": "sha256-0StRYq8EbOn/8wQDFR0pUVQgZkp5sja6A5pZYkEI3MQ=",
            "originalUrl": "github:atpotts/base16-nix",
            "url": "github:atpotts/base16-nix/944303d2b9889bc0c2c38773183f5e149c0fbea5"
        },
        "gitignore": {
            "inputs": {},
            "narHash": "sha256-MeXxxDtmuXpxXtvmt3TIlQDIodtRjCi/Lms1Ox/1of0=",
            "originalUrl": "github:hercules-ci/gitignore",
            "url": "github:hercules-ci/gitignore/7415c4feb127845553943a3856cbc5cb967ee5e0"
        },
        "home-manager": {
            "inputs": {},
            "narHash": "sha256-YUMkY3JfWwJsj5gRovaylpTiIuTd8jRhRiKwilZ+J8s=",
            "originalUrl": "github:dguibert/home-manager/pu",
            "url": "github:dguibert/home-manager/d473231cde91f3746faa9e632cd64177fbd079d9"
        },
        "hydra": {
            "inputs": {
                "nix": {
                    "inputs": {
                        "nixpkgs": {
                            "inputs": {},
                            "narHash": "sha256-V4jz8Hbt+mZkXhH+3KmUQcRGETOFd8mVPhgQlS4Lu5E=",
                            "originalUrl": "nixpkgs/release-19.09",
                            "url": "github:edolstra/nixpkgs/dd45a16733f4469a0dded6ad0bf9a662ea39bdea"
                        }
                    },
                    "narHash": "sha256-5W3QCIWB653BIY2zJTNI2idNik5I6DZ71OjvfjYAf/M=",
                    "originalUrl": "nix",
                    "url": "github:NixOS/nix/68e0ca608fa55d209a9d9c3b74a987ab496e0284"
                },
                "nixpkgs": {
                    "inputs": {},
                    "narHash": "sha256-V4jz8Hbt+mZkXhH+3KmUQcRGETOFd8mVPhgQlS4Lu5E=",
                    "originalUrl": "nixpkgs/release-19.09",
                    "url": "github:edolstra/nixpkgs/dd45a16733f4469a0dded6ad0bf9a662ea39bdea"
                }
            },
            "narHash": "sha256-WxRTGN+v0XNnGWaVnvDyaKXvPVjHUbA+2Rg5bSfyV2w=",
            "originalUrl": "github:dguibert/hydra/pu",
            "url": "github:dguibert/hydra/3be37bf9a6893598c9007f03758ddaf81ea38b3d"
        },
        "nix": {
            "inputs": {
                "nixpkgs": {
                    "inputs": {},
                    "narHash": "sha256-V4jz8Hbt+mZkXhH+3KmUQcRGETOFd8mVPhgQlS4Lu5E=",
                    "originalUrl": "nixpkgs/release-19.09",
                    "url": "github:edolstra/nixpkgs/dd45a16733f4469a0dded6ad0bf9a662ea39bdea"
                }
            },
            "narHash": "sha256-fM/hn2yYCEBTSHW01DfpmDm89cNR5mmd1Io4ueI2sZY=",
            "originalUrl": "github:dguibert/nix/pu",
            "url": "github:dguibert/nix/8fb2d95346f9d135e36bae7793d8749b6dd48e30"
        },
        "nixops": {
            "inputs": {
                "nixops-aws": {
                    "inputs": {},
                    "narHash": "sha256-qbFkIlzHC0R5XbcFLWtcX7bo+NXhEPTyfm+gyP3iNiY=",
                    "originalUrl": "github:NixOS/nixops-aws",
                    "url": "github:NixOS/nixops-aws/90ed3a3bd2a0cb8a8d49e6fe3a4c73a3d9b09fb8"
                },
                "nixops-hetzner": {
                    "inputs": {},
                    "narHash": "sha256-2YDEG+84zjmLoyvDiNZAXPhhtt5yMlnwr9QB1Xu/8vo=",
                    "originalUrl": "github:NixOS/nixops-hetzner",
                    "url": "github:NixOS/nixops-hetzner/6245ca44f3682e45d6d82cee7d873f76b51ff693"
                },
                "nixpkgs": {
                    "inputs": {},
                    "narHash": "sha256-V4jz8Hbt+mZkXhH+3KmUQcRGETOFd8mVPhgQlS4Lu5E=",
                    "originalUrl": "nixpkgs/release-19.09",
                    "url": "github:edolstra/nixpkgs/dd45a16733f4469a0dded6ad0bf9a662ea39bdea"
                }
            },
            "narHash": "sha256-G0cFhg8wQ7pHzkKl8uUYhDRBvFKzfMqSFbj2cymnLGA=",
            "originalUrl": "github:dguibert/nixops/pu",
            "url": "github:dguibert/nixops/a7945a61b3f36e8a4e7b4c6906e5c3b5fa7bb7c4"
        },
        "nixpkgs": {
            "inputs": {},
            "narHash": "sha256-mQ606lnJ6GapzLXJti7HK2N3isCN8vibhQbVvHCRus8=",
            "originalUrl": "github:dguibert/nixpkgs/pu",
            "url": "github:dguibert/nixpkgs/3e27bb5f35b149cf59fc5197b0d1379612325c85"
        },
        "nur_dguibert": {
            "inputs": {
                "nix": {
                    "inputs": {
                        "nixpkgs": {
                            "inputs": {},
                            "narHash": "sha256-V4jz8Hbt+mZkXhH+3KmUQcRGETOFd8mVPhgQlS4Lu5E=",
                            "originalUrl": "nixpkgs/release-19.09",
                            "url": "github:edolstra/nixpkgs/dd45a16733f4469a0dded6ad0bf9a662ea39bdea"
                        }
                    },
                    "narHash": "sha256-fM/hn2yYCEBTSHW01DfpmDm89cNR5mmd1Io4ueI2sZY=",
                    "originalUrl": "github:dguibert/nix/pu",
                    "url": "github:dguibert/nix/8fb2d95346f9d135e36bae7793d8749b6dd48e30"
                },
                "nixpkgs": {
                    "inputs": {},
                    "narHash": "sha256-mQ606lnJ6GapzLXJti7HK2N3isCN8vibhQbVvHCRus8=",
                    "originalUrl": "github:dguibert/nixpkgs/pu",
                    "url": "github:dguibert/nixpkgs/3e27bb5f35b149cf59fc5197b0d1379612325c85"
                }
            },
            "narHash": "sha256-u5qx66iP+T8lltcR1Sd5MmLS7+vB+ECTVaRVO+jbKdA=",
            "originalUrl": "github:dguibert/nur-packages/dg-remote-urls",
            "url": "github:dguibert/nur-packages/a2c383c50fb5de0ece965e3c8c23d5a4eac818c4"
        },
        "terranix": {
            "inputs": {},
            "narHash": "sha256-vjsw70eNH2r7QxsFvF2qmhbl3CrQgiFLWLpwHaFcObs=",
            "originalUrl": "github:mrVanDalo/terranix",
            "url": "github:mrVanDalo/terranix/e387612dd7386a1950d88ec1ba6bde92010d3591"
        }
    },
    "version": 3
}
